
Microsoft Visual Studio Solution File, Format Version 12.00
# Visual Studio Version 17
VisualStudioVersion = 17.13.35507.96
MinimumVisualStudioVersion = 10.0.40219.1
Project("{FAE04EC0-301F-11D3-BF4B-00C04F79EFBC}") = "NBatch.ConsoleDemo", "NBatch.ConsoleDemo\NBatch.ConsoleDemo.csproj", "{AB671E02-915A-48EF-B373-82BF20149E24}"
EndProject
Project("{FAE04EC0-301F-11D3-BF4B-00C04F79EFBC}") = "NBatch.Main", "NBatch.Main\NBatch.Main.csproj", "{371067D3-7D12-4175-B753-55D3FB3E14AE}"
EndProject
Project("{FAE04EC0-301F-11D3-BF4B-00C04F79EFBC}") = "NBatch.Main.UnitTests", "NBatch.Main.UnitTests\NBatch.Main.UnitTests.csproj", "{BAEE8EDB-4CD0-4EC6-A96F-5D71961EAA85}"
EndProject
Project("{FAE04EC0-301F-11D3-BF4B-00C04F79EFBC}") = "NBatch", "NBatch\NBatch.csproj", "{A7DF06C9-0333-4D84-8E9A-2C7C16AE6B78}"
EndProject
Project("{FAE04EC0-301F-11D3-BF4B-00C04F79EFBC}") = "NBatch.Tests", "NBatch.Tests\NBatch.Tests.csproj", "{03723CD0-B52A-4058-92FD-38FE1C02A548}"
EndProject
Project("{FAE04EC0-301F-11D3-BF4B-00C04F79EFBC}") = "NBatch.ConsoleApp", "NBatch.ConsoleApp\NBatch.ConsoleApp.csproj", "{E52AB6F1-4FA4-4B44-A5BC-522E0B765F24}"
EndProject
Project("{E53339B2-1760-4266-BCC7-CA923CBCF16C}") = "docker-compose", "docker-compose.dcproj", "{81DDED9D-158B-E303-5F62-77A2896D2A5A}"
EndProject
Global
	GlobalSection(SolutionConfigurationPlatforms) = preSolution
		Debug|Any CPU = Debug|Any CPU
		Release|Any CPU = Release|Any CPU
	EndGlobalSection
	GlobalSection(ProjectConfigurationPlatforms) = postSolution
		{AB671E02-915A-48EF-B373-82BF20149E24}.Debug|Any CPU.ActiveCfg = Debug|Any CPU
		{AB671E02-915A-48EF-B373-82BF20149E24}.Debug|Any CPU.Build.0 = Debug|Any CPU
		{AB671E02-915A-48EF-B373-82BF20149E24}.Release|Any CPU.ActiveCfg = Release|Any CPU
		{AB671E02-915A-48EF-B373-82BF20149E24}.Release|Any CPU.Build.0 = Release|Any CPU
		{371067D3-7D12-4175-B753-55D3FB3E14AE}.Debug|Any CPU.ActiveCfg = Debug|Any CPU
		{371067D3-7D12-4175-B753-55D3FB3E14AE}.Debug|Any CPU.Build.0 = Debug|Any CPU
		{371067D3-7D12-4175-B753-55D3FB3E14AE}.Release|Any CPU.ActiveCfg = Release|Any CPU
		{371067D3-7D12-4175-B753-55D3FB3E14AE}.Release|Any CPU.Build.0 = Release|Any CPU
		{BAEE8EDB-4CD0-4EC6-A96F-5D71961EAA85}.Debug|Any CPU.ActiveCfg = Debug|Any CPU
		{BAEE8EDB-4CD0-4EC6-A96F-5D71961EAA85}.Debug|Any CPU.Build.0 = Debug|Any CPU
		{BAEE8EDB-4CD0-4EC6-A96F-5D71961EAA85}.Release|Any CPU.ActiveCfg = Release|Any CPU
		{BAEE8EDB-4CD0-4EC6-A96F-5D71961EAA85}.Release|Any CPU.Build.0 = Release|Any CPU
		{A7DF06C9-0333-4D84-8E9A-2C7C16AE6B78}.Debug|Any CPU.ActiveCfg = Debug|Any CPU
		{A7DF06C9-0333-4D84-8E9A-2C7C16AE6B78}.Debug|Any CPU.Build.0 = Debug|Any CPU
		{A7DF06C9-0333-4D84-8E9A-2C7C16AE6B78}.Release|Any CPU.ActiveCfg = Release|Any CPU
		{A7DF06C9-0333-4D84-8E9A-2C7C16AE6B78}.Release|Any CPU.Build.0 = Release|Any CPU
		{03723CD0-B52A-4058-92FD-38FE1C02A548}.Debug|Any CPU.ActiveCfg = Debug|Any CPU
		{03723CD0-B52A-4058-92FD-38FE1C02A548}.Debug|Any CPU.Build.0 = Debug|Any CPU
		{03723CD0-B52A-4058-92FD-38FE1C02A548}.Release|Any CPU.ActiveCfg = Release|Any CPU
		{03723CD0-B52A-4058-92FD-38FE1C02A548}.Release|Any CPU.Build.0 = Release|Any CPU
		{E52AB6F1-4FA4-4B44-A5BC-522E0B765F24}.Debug|Any CPU.ActiveCfg = Debug|Any CPU
		{E52AB6F1-4FA4-4B44-A5BC-522E0B765F24}.Debug|Any CPU.Build.0 = Debug|Any CPU
		{E52AB6F1-4FA4-4B44-A5BC-522E0B765F24}.Release|Any CPU.ActiveCfg = Release|Any CPU
		{E52AB6F1-4FA4-4B44-A5BC-522E0B765F24}.Release|Any CPU.Build.0 = Release|Any CPU
		{81DDED9D-158B-E303-5F62-77A2896D2A5A}.Debug|Any CPU.ActiveCfg = Debug|Any CPU
		{81DDED9D-158B-E303-5F62-77A2896D2A5A}.Debug|Any CPU.Build.0 = Debug|Any CPU
		{81DDED9D-158B-E303-5F62-77A2896D2A5A}.Release|Any CPU.ActiveCfg = Release|Any CPU
		{81DDED9D-158B-E303-5F62-77A2896D2A5A}.Release|Any CPU.Build.0 = Release|Any CPU
	EndGlobalSection
	GlobalSection(SolutionProperties) = preSolution
		HideSolutionNode = FALSE
	EndGlobalSection
	GlobalSection(ExtensibilityGlobals) = postSolution
		SolutionGuid = {7F635C44-78F0-4A26-BD0E-C7D592A67EC9}
	EndGlobalSection
EndGlobal
